// !$*UTF8*$!
{
	archiveVersion = 1;
	classes = {
	};
	objectVersion = 56;
	objects = {

/* Begin PBXBuildFile section */
		364F5A3A29E6E7A20037CD6A /* MotobikerIdle.atlas in Resources */ = {isa = PBXBuildFile; fileRef = 364F5A3929E6E7A20037CD6A /* MotobikerIdle.atlas */; };
		368A459129E43D5E0007BF5B /* Collisions.swift in Sources */ = {isa = PBXBuildFile; fileRef = 368A459029E43D5E0007BF5B /* Collisions.swift */; };
		368A459329E447E30007BF5B /* TitleScene.swift in Sources */ = {isa = PBXBuildFile; fileRef = 368A459229E447E30007BF5B /* TitleScene.swift */; };
		368A459529E447F40007BF5B /* GameOverScene.swift in Sources */ = {isa = PBXBuildFile; fileRef = 368A459429E447F40007BF5B /* GameOverScene.swift */; };
		49259EB829E58C0F0036131F /* small_pixel.ttf in Resources */ = {isa = PBXBuildFile; fileRef = 49259EB729E58C0F0036131F /* small_pixel.ttf */; };
		FF21040629DDA94000450F05 /* SKSpriteNodeExtension.swift in Sources */ = {isa = PBXBuildFile; fileRef = FF21040529DDA94000450F05 /* SKSpriteNodeExtension.swift */; };
		FF21041729E594EA00450F05 /* Cow.atlas in Resources */ = {isa = PBXBuildFile; fileRef = FF21041629E594EA00450F05 /* Cow.atlas */; };
		FF21041929E5989600450F05 /* Horse.atlas in Resources */ = {isa = PBXBuildFile; fileRef = FF21041829E5989600450F05 /* Horse.atlas */; };
		FF21041B29E5992F00450F05 /* Sheep.atlas in Resources */ = {isa = PBXBuildFile; fileRef = FF21041A29E5992F00450F05 /* Sheep.atlas */; };
		FF21041D29E59B8B00450F05 /* Hay.atlas in Resources */ = {isa = PBXBuildFile; fileRef = FF21041C29E59B8B00450F05 /* Hay.atlas */; };
		FF21041F29E59C4900450F05 /* ObstaclesTypes.swift in Sources */ = {isa = PBXBuildFile; fileRef = FF21041E29E59C4900450F05 /* ObstaclesTypes.swift */; };
		FF30650129DAFF6E008E711C /* AppDelegate.swift in Sources */ = {isa = PBXBuildFile; fileRef = FF30650029DAFF6E008E711C /* AppDelegate.swift */; };
		FF30650729DAFF6E008E711C /* GameScene.swift in Sources */ = {isa = PBXBuildFile; fileRef = FF30650629DAFF6E008E711C /* GameScene.swift */; };
		FF30650929DAFF6E008E711C /* GameViewController.swift in Sources */ = {isa = PBXBuildFile; fileRef = FF30650829DAFF6E008E711C /* GameViewController.swift */; };
		FF30650C29DAFF6E008E711C /* Main.storyboard in Resources */ = {isa = PBXBuildFile; fileRef = FF30650A29DAFF6E008E711C /* Main.storyboard */; };
		FF30650E29DAFF6F008E711C /* Assets.xcassets in Resources */ = {isa = PBXBuildFile; fileRef = FF30650D29DAFF6F008E711C /* Assets.xcassets */; };
		FF30651129DAFF6F008E711C /* LaunchScreen.storyboard in Resources */ = {isa = PBXBuildFile; fileRef = FF30650F29DAFF6F008E711C /* LaunchScreen.storyboard */; };
		FF30652029DB0FE0008E711C /* SetSceneProtocol.swift in Sources */ = {isa = PBXBuildFile; fileRef = FF30651F29DB0FE0008E711C /* SetSceneProtocol.swift */; };
		FF30652629DC4EF8008E711C /* Player.swift in Sources */ = {isa = PBXBuildFile; fileRef = FF30652529DC4EF8008E711C /* Player.swift */; };
		FF30652B29DC5B0F008E711C /* Obstacle.swift in Sources */ = {isa = PBXBuildFile; fileRef = FF30652A29DC5B0F008E711C /* Obstacle.swift */; };
/* End PBXBuildFile section */

/* Begin PBXFileReference section */
		364F5A3929E6E7A20037CD6A /* MotobikerIdle.atlas */ = {isa = PBXFileReference; lastKnownFileType = folder.skatlas; path = MotobikerIdle.atlas; sourceTree = "<group>"; };
		368A459029E43D5E0007BF5B /* Collisions.swift */ = {isa = PBXFileReference; lastKnownFileType = sourcecode.swift; path = Collisions.swift; sourceTree = "<group>"; };
		368A459229E447E30007BF5B /* TitleScene.swift */ = {isa = PBXFileReference; lastKnownFileType = sourcecode.swift; path = TitleScene.swift; sourceTree = "<group>"; };
		368A459429E447F40007BF5B /* GameOverScene.swift */ = {isa = PBXFileReference; lastKnownFileType = sourcecode.swift; path = GameOverScene.swift; sourceTree = "<group>"; };
		49259EB729E58C0F0036131F /* small_pixel.ttf */ = {isa = PBXFileReference; lastKnownFileType = file; path = small_pixel.ttf; sourceTree = "<group>"; };
		49259EB929E58C610036131F /* Info.plist */ = {isa = PBXFileReference; lastKnownFileType = text.plist; path = Info.plist; sourceTree = "<group>"; };
		FF21040529DDA94000450F05 /* SKSpriteNodeExtension.swift */ = {isa = PBXFileReference; lastKnownFileType = sourcecode.swift; path = SKSpriteNodeExtension.swift; sourceTree = "<group>"; };
		FF21041629E594EA00450F05 /* Cow.atlas */ = {isa = PBXFileReference; lastKnownFileType = folder.skatlas; path = Cow.atlas; sourceTree = "<group>"; };
		FF21041829E5989600450F05 /* Horse.atlas */ = {isa = PBXFileReference; lastKnownFileType = folder.skatlas; path = Horse.atlas; sourceTree = "<group>"; };
		FF21041A29E5992F00450F05 /* Sheep.atlas */ = {isa = PBXFileReference; lastKnownFileType = folder.skatlas; path = Sheep.atlas; sourceTree = "<group>"; };
		FF21041C29E59B8B00450F05 /* Hay.atlas */ = {isa = PBXFileReference; lastKnownFileType = folder.skatlas; path = Hay.atlas; sourceTree = "<group>"; };
		FF21041E29E59C4900450F05 /* ObstaclesTypes.swift */ = {isa = PBXFileReference; lastKnownFileType = sourcecode.swift; path = ObstaclesTypes.swift; sourceTree = "<group>"; };
		FF3064FD29DAFF6E008E711C /* RanchRush.app */ = {isa = PBXFileReference; explicitFileType = wrapper.application; includeInIndex = 0; path = RanchRush.app; sourceTree = BUILT_PRODUCTS_DIR; };
		FF30650029DAFF6E008E711C /* AppDelegate.swift */ = {isa = PBXFileReference; lastKnownFileType = sourcecode.swift; path = AppDelegate.swift; sourceTree = "<group>"; };
		FF30650629DAFF6E008E711C /* GameScene.swift */ = {isa = PBXFileReference; lastKnownFileType = sourcecode.swift; path = GameScene.swift; sourceTree = "<group>"; };
		FF30650829DAFF6E008E711C /* GameViewController.swift */ = {isa = PBXFileReference; lastKnownFileType = sourcecode.swift; path = GameViewController.swift; sourceTree = "<group>"; };
		FF30650B29DAFF6E008E711C /* Base */ = {isa = PBXFileReference; lastKnownFileType = file.storyboard; name = Base; path = Base.lproj/Main.storyboard; sourceTree = "<group>"; };
		FF30650D29DAFF6F008E711C /* Assets.xcassets */ = {isa = PBXFileReference; lastKnownFileType = folder.assetcatalog; path = Assets.xcassets; sourceTree = "<group>"; };
		FF30651029DAFF6F008E711C /* Base */ = {isa = PBXFileReference; lastKnownFileType = file.storyboard; name = Base; path = Base.lproj/LaunchScreen.storyboard; sourceTree = "<group>"; };
		FF30651F29DB0FE0008E711C /* SetSceneProtocol.swift */ = {isa = PBXFileReference; lastKnownFileType = sourcecode.swift; path = SetSceneProtocol.swift; sourceTree = "<group>"; };
		FF30652529DC4EF8008E711C /* Player.swift */ = {isa = PBXFileReference; lastKnownFileType = sourcecode.swift; path = Player.swift; sourceTree = "<group>"; };
		FF30652A29DC5B0F008E711C /* Obstacle.swift */ = {isa = PBXFileReference; lastKnownFileType = sourcecode.swift; path = Obstacle.swift; sourceTree = "<group>"; };
/* End PBXFileReference section */

/* Begin PBXFrameworksBuildPhase section */
		FF3064FA29DAFF6E008E711C /* Frameworks */ = {
			isa = PBXFrameworksBuildPhase;
			buildActionMask = 2147483647;
			files = (
			);
			runOnlyForDeploymentPostprocessing = 0;
		};
/* End PBXFrameworksBuildPhase section */

/* Begin PBXGroup section */
		368A458F29E43D4D0007BF5B /* Model */ = {
			isa = PBXGroup;
			children = (
				368A459029E43D5E0007BF5B /* Collisions.swift */,
				FF21041E29E59C4900450F05 /* ObstaclesTypes.swift */,
			);
			path = Model;
			sourceTree = "<group>";
		};
		FF3064F429DAFF6E008E711C = {
			isa = PBXGroup;
			children = (
				FF3064FF29DAFF6E008E711C /* RanchRush */,
				FF3064FE29DAFF6E008E711C /* Products */,
			);
			sourceTree = "<group>";
		};
		FF3064FE29DAFF6E008E711C /* Products */ = {
			isa = PBXGroup;
			children = (
				FF3064FD29DAFF6E008E711C /* RanchRush.app */,
			);
			name = Products;
			sourceTree = "<group>";
		};
		FF3064FF29DAFF6E008E711C /* RanchRush */ = {
			isa = PBXGroup;
			children = (
				49259EB929E58C610036131F /* Info.plist */,
				FF30651A29DB0306008E711C /* Resource */,
				FF30651829DB02F7008E711C /* Source */,
				FF30651729DB02ED008E711C /* Application */,
			);
			path = RanchRush;
			sourceTree = "<group>";
		};
		FF30651729DB02ED008E711C /* Application */ = {
			isa = PBXGroup;
			children = (
				FF30650029DAFF6E008E711C /* AppDelegate.swift */,
				FF30650F29DAFF6F008E711C /* LaunchScreen.storyboard */,
				FF30650A29DAFF6E008E711C /* Main.storyboard */,
				FF30650829DAFF6E008E711C /* GameViewController.swift */,
			);
			path = Application;
			sourceTree = "<group>";
		};
		FF30651829DB02F7008E711C /* Source */ = {
			isa = PBXGroup;
			children = (
				368A458F29E43D4D0007BF5B /* Model */,
				FF30651E29DB0537008E711C /* Protocols */,
				FF30651D29DB052D008E711C /* SpriteNodes */,
				FF30651C29DB0505008E711C /* Extensions */,
				FF30651B29DB04F8008E711C /* Scenes */,
			);
			path = Source;
			sourceTree = "<group>";
		};
		FF30651A29DB0306008E711C /* Resource */ = {
			isa = PBXGroup;
			children = (
				49259EB729E58C0F0036131F /* small_pixel.ttf */,
				364F5A3929E6E7A20037CD6A /* MotobikerIdle.atlas */,
				FF21041C29E59B8B00450F05 /* Hay.atlas */,
				FF21041A29E5992F00450F05 /* Sheep.atlas */,
				FF21041829E5989600450F05 /* Horse.atlas */,
				FF21041629E594EA00450F05 /* Cow.atlas */,
				FF30650D29DAFF6F008E711C /* Assets.xcassets */,
			);
			path = Resource;
			sourceTree = "<group>";
		};
		FF30651B29DB04F8008E711C /* Scenes */ = {
			isa = PBXGroup;
			children = (
				368A459229E447E30007BF5B /* TitleScene.swift */,
				FF30650629DAFF6E008E711C /* GameScene.swift */,
				368A459429E447F40007BF5B /* GameOverScene.swift */,
			);
			path = Scenes;
			sourceTree = "<group>";
		};
		FF30651C29DB0505008E711C /* Extensions */ = {
			isa = PBXGroup;
			children = (
				FF21040529DDA94000450F05 /* SKSpriteNodeExtension.swift */,
			);
			path = Extensions;
			sourceTree = "<group>";
		};
		FF30651D29DB052D008E711C /* SpriteNodes */ = {
			isa = PBXGroup;
			children = (
				FF30652A29DC5B0F008E711C /* Obstacle.swift */,
				FF30652529DC4EF8008E711C /* Player.swift */,
			);
			path = SpriteNodes;
			sourceTree = "<group>";
		};
		FF30651E29DB0537008E711C /* Protocols */ = {
			isa = PBXGroup;
			children = (
				FF30651F29DB0FE0008E711C /* SetSceneProtocol.swift */,
			);
			path = Protocols;
			sourceTree = "<group>";
		};
/* End PBXGroup section */

/* Begin PBXNativeTarget section */
		FF3064FC29DAFF6E008E711C /* RanchRush */ = {
			isa = PBXNativeTarget;
			buildConfigurationList = FF30651429DAFF6F008E711C /* Build configuration list for PBXNativeTarget "RanchRush" */;
			buildPhases = (
				FF3064F929DAFF6E008E711C /* Sources */,
				FF3064FA29DAFF6E008E711C /* Frameworks */,
				FF3064FB29DAFF6E008E711C /* Resources */,
			);
			buildRules = (
			);
			dependencies = (
			);
			name = RanchRush;
			productName = RanchRush;
			productReference = FF3064FD29DAFF6E008E711C /* RanchRush.app */;
			productType = "com.apple.product-type.application";
		};
/* End PBXNativeTarget section */

/* Begin PBXProject section */
		FF3064F529DAFF6E008E711C /* Project object */ = {
			isa = PBXProject;
			attributes = {
				BuildIndependentTargetsInParallel = 1;
				LastSwiftUpdateCheck = 1430;
				LastUpgradeCheck = 1430;
				TargetAttributes = {
					FF3064FC29DAFF6E008E711C = {
						CreatedOnToolsVersion = 14.3;
					};
				};
			};
			buildConfigurationList = FF3064F829DAFF6E008E711C /* Build configuration list for PBXProject "RanchRush" */;
			compatibilityVersion = "Xcode 14.0";
			developmentRegion = en;
			hasScannedForEncodings = 0;
			knownRegions = (
				en,
				Base,
			);
			mainGroup = FF3064F429DAFF6E008E711C;
			productRefGroup = FF3064FE29DAFF6E008E711C /* Products */;
			projectDirPath = "";
			projectRoot = "";
			targets = (
				FF3064FC29DAFF6E008E711C /* RanchRush */,
			);
		};
/* End PBXProject section */

/* Begin PBXResourcesBuildPhase section */
		FF3064FB29DAFF6E008E711C /* Resources */ = {
			isa = PBXResourcesBuildPhase;
			buildActionMask = 2147483647;
			files = (
				364F5A3A29E6E7A20037CD6A /* MotobikerIdle.atlas in Resources */,
				FF30650C29DAFF6E008E711C /* Main.storyboard in Resources */,
				49259EB829E58C0F0036131F /* small_pixel.ttf in Resources */,
				FF21041729E594EA00450F05 /* Cow.atlas in Resources */,
				FF21041929E5989600450F05 /* Horse.atlas in Resources */,
				FF21041B29E5992F00450F05 /* Sheep.atlas in Resources */,
				FF30650E29DAFF6F008E711C /* Assets.xcassets in Resources */,
				FF30651129DAFF6F008E711C /* LaunchScreen.storyboard in Resources */,
				FF21041D29E59B8B00450F05 /* Hay.atlas in Resources */,
			);
			runOnlyForDeploymentPostprocessing = 0;
		};
/* End PBXResourcesBuildPhase section */

/* Begin PBXSourcesBuildPhase section */
		FF3064F929DAFF6E008E711C /* Sources */ = {
			isa = PBXSourcesBuildPhase;
			buildActionMask = 2147483647;
			files = (
				368A459529E447F40007BF5B /* GameOverScene.swift in Sources */,
				FF30650729DAFF6E008E711C /* GameScene.swift in Sources */,
				FF30652029DB0FE0008E711C /* SetSceneProtocol.swift in Sources */,
				368A459129E43D5E0007BF5B /* Collisions.swift in Sources */,
				FF30652B29DC5B0F008E711C /* Obstacle.swift in Sources */,
				FF30650929DAFF6E008E711C /* GameViewController.swift in Sources */,
				368A459329E447E30007BF5B /* TitleScene.swift in Sources */,
				FF30652629DC4EF8008E711C /* Player.swift in Sources */,
				FF21040629DDA94000450F05 /* SKSpriteNodeExtension.swift in Sources */,
				FF30650129DAFF6E008E711C /* AppDelegate.swift in Sources */,
				FF21041F29E59C4900450F05 /* ObstaclesTypes.swift in Sources */,
			);
			runOnlyForDeploymentPostprocessing = 0;
		};
/* End PBXSourcesBuildPhase section */

/* Begin PBXVariantGroup section */
		FF30650A29DAFF6E008E711C /* Main.storyboard */ = {
			isa = PBXVariantGroup;
			children = (
				FF30650B29DAFF6E008E711C /* Base */,
			);
			name = Main.storyboard;
			sourceTree = "<group>";
		};
		FF30650F29DAFF6F008E711C /* LaunchScreen.storyboard */ = {
			isa = PBXVariantGroup;
			children = (
				FF30651029DAFF6F008E711C /* Base */,
			);
			name = LaunchScreen.storyboard;
			sourceTree = "<group>";
		};
/* End PBXVariantGroup section */

/* Begin XCBuildConfiguration section */
		FF30651229DAFF6F008E711C /* Debug */ = {
			isa = XCBuildConfiguration;
			buildSettings = {
				ALWAYS_SEARCH_USER_PATHS = NO;
				CLANG_ANALYZER_NONNULL = YES;
				CLANG_ANALYZER_NUMBER_OBJECT_CONVERSION = YES_AGGRESSIVE;
				CLANG_CXX_LANGUAGE_STANDARD = "gnu++20";
				CLANG_ENABLE_MODULES = YES;
				CLANG_ENABLE_OBJC_ARC = YES;
				CLANG_ENABLE_OBJC_WEAK = YES;
				CLANG_WARN_BLOCK_CAPTURE_AUTORELEASING = YES;
				CLANG_WARN_BOOL_CONVERSION = YES;
				CLANG_WARN_COMMA = YES;
				CLANG_WARN_CONSTANT_CONVERSION = YES;
				CLANG_WARN_DEPRECATED_OBJC_IMPLEMENTATIONS = YES;
				CLANG_WARN_DIRECT_OBJC_ISA_USAGE = YES_ERROR;
				CLANG_WARN_DOCUMENTATION_COMMENTS = YES;
				CLANG_WARN_EMPTY_BODY = YES;
				CLANG_WARN_ENUM_CONVERSION = YES;
				CLANG_WARN_INFINITE_RECURSION = YES;
				CLANG_WARN_INT_CONVERSION = YES;
				CLANG_WARN_NON_LITERAL_NULL_CONVERSION = YES;
				CLANG_WARN_OBJC_IMPLICIT_RETAIN_SELF = YES;
				CLANG_WARN_OBJC_LITERAL_CONVERSION = YES;
				CLANG_WARN_OBJC_ROOT_CLASS = YES_ERROR;
				CLANG_WARN_QUOTED_INCLUDE_IN_FRAMEWORK_HEADER = YES;
				CLANG_WARN_RANGE_LOOP_ANALYSIS = YES;
				CLANG_WARN_STRICT_PROTOTYPES = YES;
				CLANG_WARN_SUSPICIOUS_MOVE = YES;
				CLANG_WARN_UNGUARDED_AVAILABILITY = YES_AGGRESSIVE;
				CLANG_WARN_UNREACHABLE_CODE = YES;
				CLANG_WARN__DUPLICATE_METHOD_MATCH = YES;
				COPY_PHASE_STRIP = NO;
				DEBUG_INFORMATION_FORMAT = dwarf;
				ENABLE_STRICT_OBJC_MSGSEND = YES;
				ENABLE_TESTABILITY = YES;
				GCC_C_LANGUAGE_STANDARD = gnu11;
				GCC_DYNAMIC_NO_PIC = NO;
				GCC_NO_COMMON_BLOCKS = YES;
				GCC_OPTIMIZATION_LEVEL = 0;
				GCC_PREPROCESSOR_DEFINITIONS = (
					"DEBUG=1",
					"$(inherited)",
				);
				GCC_WARN_64_TO_32_BIT_CONVERSION = YES;
				GCC_WARN_ABOUT_RETURN_TYPE = YES_ERROR;
				GCC_WARN_UNDECLARED_SELECTOR = YES;
				GCC_WARN_UNINITIALIZED_AUTOS = YES_AGGRESSIVE;
				GCC_WARN_UNUSED_FUNCTION = YES;
				GCC_WARN_UNUSED_VARIABLE = YES;
				IPHONEOS_DEPLOYMENT_TARGET = 16.4;
				MTL_ENABLE_DEBUG_INFO = INCLUDE_SOURCE;
				MTL_FAST_MATH = YES;
				ONLY_ACTIVE_ARCH = YES;
				SDKROOT = iphoneos;
				SWIFT_ACTIVE_COMPILATION_CONDITIONS = DEBUG;
				SWIFT_OPTIMIZATION_LEVEL = "-Onone";
			};
			name = Debug;
		};
		FF30651329DAFF6F008E711C /* Release */ = {
			isa = XCBuildConfiguration;
			buildSettings = {
				ALWAYS_SEARCH_USER_PATHS = NO;
				CLANG_ANALYZER_NONNULL = YES;
				CLANG_ANALYZER_NUMBER_OBJECT_CONVERSION = YES_AGGRESSIVE;
				CLANG_CXX_LANGUAGE_STANDARD = "gnu++20";
				CLANG_ENABLE_MODULES = YES;
				CLANG_ENABLE_OBJC_ARC = YES;
				CLANG_ENABLE_OBJC_WEAK = YES;
				CLANG_WARN_BLOCK_CAPTURE_AUTORELEASING = YES;
				CLANG_WARN_BOOL_CONVERSION = YES;
				CLANG_WARN_COMMA = YES;
				CLANG_WARN_CONSTANT_CONVERSION = YES;
				CLANG_WARN_DEPRECATED_OBJC_IMPLEMENTATIONS = YES;
				CLANG_WARN_DIRECT_OBJC_ISA_USAGE = YES_ERROR;
				CLANG_WARN_DOCUMENTATION_COMMENTS = YES;
				CLANG_WARN_EMPTY_BODY = YES;
				CLANG_WARN_ENUM_CONVERSION = YES;
				CLANG_WARN_INFINITE_RECURSION = YES;
				CLANG_WARN_INT_CONVERSION = YES;
				CLANG_WARN_NON_LITERAL_NULL_CONVERSION = YES;
				CLANG_WARN_OBJC_IMPLICIT_RETAIN_SELF = YES;
				CLANG_WARN_OBJC_LITERAL_CONVERSION = YES;
				CLANG_WARN_OBJC_ROOT_CLASS = YES_ERROR;
				CLANG_WARN_QUOTED_INCLUDE_IN_FRAMEWORK_HEADER = YES;
				CLANG_WARN_RANGE_LOOP_ANALYSIS = YES;
				CLANG_WARN_STRICT_PROTOTYPES = YES;
				CLANG_WARN_SUSPICIOUS_MOVE = YES;
				CLANG_WARN_UNGUARDED_AVAILABILITY = YES_AGGRESSIVE;
				CLANG_WARN_UNREACHABLE_CODE = YES;
				CLANG_WARN__DUPLICATE_METHOD_MATCH = YES;
				COPY_PHASE_STRIP = NO;
				DEBUG_INFORMATION_FORMAT = "dwarf-with-dsym";
				ENABLE_NS_ASSERTIONS = NO;
				ENABLE_STRICT_OBJC_MSGSEND = YES;
				GCC_C_LANGUAGE_STANDARD = gnu11;
				GCC_NO_COMMON_BLOCKS = YES;
				GCC_WARN_64_TO_32_BIT_CONVERSION = YES;
				GCC_WARN_ABOUT_RETURN_TYPE = YES_ERROR;
				GCC_WARN_UNDECLARED_SELECTOR = YES;
				GCC_WARN_UNINITIALIZED_AUTOS = YES_AGGRESSIVE;
				GCC_WARN_UNUSED_FUNCTION = YES;
				GCC_WARN_UNUSED_VARIABLE = YES;
				IPHONEOS_DEPLOYMENT_TARGET = 16.4;
				MTL_ENABLE_DEBUG_INFO = NO;
				MTL_FAST_MATH = YES;
				SDKROOT = iphoneos;
				SWIFT_COMPILATION_MODE = wholemodule;
				SWIFT_OPTIMIZATION_LEVEL = "-O";
				VALIDATE_PRODUCT = YES;
			};
			name = Release;
		};
		FF30651529DAFF6F008E711C /* Debug */ = {
			isa = XCBuildConfiguration;
			buildSettings = {
				ASSETCATALOG_COMPILER_APPICON_NAME = AppIcon;
				ASSETCATALOG_COMPILER_GLOBAL_ACCENT_COLOR_NAME = AccentColor;
				CODE_SIGN_STYLE = Automatic;
				CURRENT_PROJECT_VERSION = 1;
				DEVELOPMENT_TEAM = 3S22856DS9;
				GENERATE_INFOPLIST_FILE = YES;
				INFOPLIST_FILE = RanchRush/Info.plist;
				INFOPLIST_KEY_UIApplicationSupportsIndirectInputEvents = YES;
				INFOPLIST_KEY_UILaunchStoryboardName = LaunchScreen;
				INFOPLIST_KEY_UIMainStoryboardFile = Main;
				INFOPLIST_KEY_UIStatusBarHidden = YES;
				INFOPLIST_KEY_UISupportedInterfaceOrientations = "UIInterfaceOrientationLandscapeLeft UIInterfaceOrientationLandscapeRight";
				IPHONEOS_DEPLOYMENT_TARGET = 16.2;
				LD_RUNPATH_SEARCH_PATHS = (
					"$(inherited)",
					"@executable_path/Frameworks",
				);
				MARKETING_VERSION = 1.0;
				PRODUCT_BUNDLE_IDENTIFIER = com.beatrizlds.RanchRush;
				PRODUCT_NAME = "$(TARGET_NAME)";
				SWIFT_EMIT_LOC_STRINGS = YES;
				SWIFT_VERSION = 5.0;
				TARGETED_DEVICE_FAMILY = "1,2";
			};
			name = Debug;
		};
		FF30651629DAFF6F008E711C /* Release */ = {
			isa = XCBuildConfiguration;
			buildSettings = {
				ASSETCATALOG_COMPILER_APPICON_NAME = AppIcon;
				ASSETCATALOG_COMPILER_GLOBAL_ACCENT_COLOR_NAME = AccentColor;
				CODE_SIGN_STYLE = Automatic;
				CURRENT_PROJECT_VERSION = 1;
				DEVELOPMENT_TEAM = 3S22856DS9;
				GENERATE_INFOPLIST_FILE = YES;
				INFOPLIST_FILE = RanchRush/Info.plist;
				INFOPLIST_KEY_UIApplicationSupportsIndirectInputEvents = YES;
				INFOPLIST_KEY_UILaunchStoryboardName = LaunchScreen;
				INFOPLIST_KEY_UIMainStoryboardFile = Main;
				INFOPLIST_KEY_UIStatusBarHidden = YES;
				INFOPLIST_KEY_UISupportedInterfaceOrientations = "UIInterfaceOrientationLandscapeLeft UIInterfaceOrientationLandscapeRight";
				IPHONEOS_DEPLOYMENT_TARGET = 16.2;
				LD_RUNPATH_SEARCH_PATHS = (
					"$(inherited)",
					"@executable_path/Frameworks",
				);
				MARKETING_VERSION = 1.0;
				PRODUCT_BUNDLE_IDENTIFIER = com.beatrizlds.RanchRush;
				PRODUCT_NAME = "$(TARGET_NAME)";
				SWIFT_EMIT_LOC_STRINGS = YES;
				SWIFT_VERSION = 5.0;
				TARGETED_DEVICE_FAMILY = "1,2";
			};
			name = Release;
		};
/* End XCBuildConfiguration section */

/* Begin XCConfigurationList section */
		FF3064F829DAFF6E008E711C /* Build configuration list for PBXProject "RanchRush" */ = {
			isa = XCConfigurationList;
			buildConfigurations = (
				FF30651229DAFF6F008E711C /* Debug */,
				FF30651329DAFF6F008E711C /* Release */,
			);
			defaultConfigurationIsVisible = 0;
			defaultConfigurationName = Release;
		};
		FF30651429DAFF6F008E711C /* Build configuration list for PBXNativeTarget "RanchRush" */ = {
			isa = XCConfigurationList;
			buildConfigurations = (
				FF30651529DAFF6F008E711C /* Debug */,
				FF30651629DAFF6F008E711C /* Release */,
			);
			defaultConfigurationIsVisible = 0;
			defaultConfigurationName = Release;
		};
/* End XCConfigurationList section */
	};
	rootObject = FF3064F529DAFF6E008E711C /* Project object */;
}
